<Solution>
  <Project Path="src/Asun.Platform.Contracts/Asun.Platform.Contracts.csproj" />
  <Project Path="src/Asun.Platform.Core/Asun.Platform.Core.csproj" />
  <Project Path="src/Asun.Platform.Evidence/Asun.Platform.Evidence.csproj" />
  <Project Path="src/Asun.Vision.Contracts/Asun.Vision.Contracts.csproj" />
  <Project Path="src/Asun.Vision.Halcon/Asun.Vision.Halcon.csproj" />
  <Project Path="src/Asun.Metrology.Core/Asun.Metrology.Core.csproj" />
  <Project Path="src/Asun.Device.Contracts/Asun.Device.Contracts.csproj" />
  <Project Path="src/Asun.Device.Impl/Asun.Device.Impl.csproj" />
  <Project Path="src/Asun.UI.DesignSystem/Asun.UI.DesignSystem.csproj" />
  <Project Path="src/Asun.UI.Viewports/Asun.UI.Viewports.csproj" />
  <Project Path="src/Asun.Platform.RenderIntegration/Asun.Platform.RenderIntegration.csproj" />
  <Project Path="src/Asun.Platform.QualityIntegration/Asun.Platform.QualityIntegration.csproj" />
  <Project Path="src/Asun.Platform.SimulationIntegration/Asun.Platform.SimulationIntegration.csproj" />
  <Project Path="src/Asun.Platform.ReleaseIntegration/Asun.Platform.ReleaseIntegration.csproj" />
  <Project Path="src/Asun.Platform.ReplayIntegration/Asun.Platform.ReplayIntegration.csproj" />
  <Project Path="src/Asun.Platform.PcbProductionIntegration/Asun.Platform.PcbProductionIntegration.csproj" />
  <Project Path="src/Asun.Platform.QualityReleaseIntegration/Asun.Platform.QualityReleaseIntegration.csproj" />
  <Project Path="src/Asun.Platform.CaptureEvidenceIntegration/Asun.Platform.CaptureEvidenceIntegration.csproj" />
  <Project Path="src/Asun.Platform.QualityEvidenceIntegration/Asun.Platform.QualityEvidenceIntegration.csproj" />
  <Project Path="src/Asun.Platform.MetrologyProductionIntegration/Asun.Platform.MetrologyProductionIntegration.csproj" />
  <Project Path="src/Asun.Platform.MeasurementQualityIntegration/Asun.Platform.MeasurementQualityIntegration.csproj" />
  <Project Path="src/Asun.Platform.PipelineProductionIntegration/Asun.Platform.PipelineProductionIntegration.csproj" />
  <Project Path="src/Asun.Platform.PcbExecutionIntegration/Asun.Platform.PcbExecutionIntegration.csproj" />
  <Project Path="src/Asun.Platform.PcbReleaseIntegration/Asun.Platform.PcbReleaseIntegration.csproj" />
  <Project Path="src/Asun.Platform.PcbEvidenceResolutionIntegration/Asun.Platform.PcbEvidenceResolutionIntegration.csproj" />
  <Project Path="src/Asun.Platform.PcbEvidenceReleaseIntegration/Asun.Platform.PcbEvidenceReleaseIntegration.csproj" />
  <Project Path="src/Asun.Platform.PcbReplayIntegration/Asun.Platform.PcbReplayIntegration.csproj" />
  <Project Path="src/Asun.Platform.PcbEvidenceEnvelopeIntegration/Asun.Platform.PcbEvidenceEnvelopeIntegration.csproj" />
  <Project Path="src/Asun.Platform.RoiProductionIntegration/Asun.Platform.RoiProductionIntegration.csproj" />
  <Project Path="src/Asun.Platform.PcbAuditIntegration/Asun.Platform.PcbAuditIntegration.csproj" />
  <Project Path="src/Asun.Platform.PcbAuditReleaseIntegration/Asun.Platform.PcbAuditReleaseIntegration.csproj" />
  <Project Path="src/Asun.Domain.Pcb/Asun.Domain.Pcb.csproj" />
  <Project Path="src/Asun.Domain.Hdi/Asun.Domain.Hdi.csproj" />
  <Project Path="src/Asun.Domain.Fpc/Asun.Domain.Fpc.csproj" />
  <Project Path="src/Asun.Domain.RigidFlex/Asun.Domain.RigidFlex.csproj" />
  <Project Path="src/Asun.Domain.Stencil/Asun.Domain.Stencil.csproj" />
  <Project Path="src/Asun.Domain.Spi/Asun.Domain.Spi.csproj" />
  <Project Path="src/Asun.Domain.Aoi/Asun.Domain.Aoi.csproj" />
  <Project Path="src/Asun.Domain.Quality/Asun.Domain.Quality.csproj" />
  <Project Path="src/Asun.Platform.ClientIntegration/Asun.Platform.ClientIntegration.csproj" />
  <Project Path="src/Asun.App.Shell/Asun.App.Shell.csproj" />
  <Project Path="tests/Asun.Platform.Core.Smoke/Asun.Platform.Core.Smoke.csproj" />
  <Project Path="tests/Asun.Platform.Evidence.Smoke/Asun.Platform.Evidence.Smoke.csproj" />
  <Project Path="tests/Asun.Vision.Contracts.Smoke/Asun.Vision.Contracts.Smoke.csproj" />
  <Project Path="tests/Asun.Domain.Pcb.Smoke/Asun.Domain.Pcb.Smoke.csproj" />
  <Project Path="tests/Asun.Metrology.Core.Smoke/Asun.Metrology.Core.Smoke.csproj" />
  <Project Path="tests/Asun.Device.Impl.Smoke/Asun.Device.Impl.Smoke.csproj" />
  <Project Path="tests/Asun.Program.Core.Smoke/Asun.Program.Core.Smoke.csproj" />
  <Project Path="tests/Asun.Platform.Pipeline.Smoke/Asun.Platform.Pipeline.Smoke.csproj" />
  <Project Path="tests/Asun.Simulation.Core.Smoke/Asun.Simulation.Core.Smoke.csproj" />
  <Project Path="tests/Asun.Release.Core.Smoke/Asun.Release.Core.Smoke.csproj" />
  <Project Path="tests/Asun.Production.Runtime.Smoke/Asun.Production.Runtime.Smoke.csproj" />
  <Project Path="tests/Asun.Platform.RenderIntegration.Smoke/Asun.Platform.RenderIntegration.Smoke.csproj" />
  <Project Path="tests/Asun.Platform.QualityIntegration.Smoke/Asun.Platform.QualityIntegration.Smoke.csproj" />
  <Project Path="tests/Asun.Platform.SimulationIntegration.Smoke/Asun.Platform.SimulationIntegration.Smoke.csproj" />
  <Project Path="tests/Asun.Platform.ReleaseIntegration.Smoke/Asun.Platform.ReleaseIntegration.Smoke.csproj" />
  <Project Path="tests/Asun.Platform.ReplayIntegration.Smoke/Asun.Platform.ReplayIntegration.Smoke.csproj" />
  <Project Path="tests/Asun.Platform.PcbProductionIntegration.Smoke/Asun.Platform.PcbProductionIntegration.Smoke.csproj" />
  <Project Path="tests/Asun.Platform.QualityReleaseIntegration.Smoke/Asun.Platform.QualityReleaseIntegration.Smoke.csproj" />
  <Project Path="tests/Asun.Platform.CaptureEvidenceIntegration.Smoke/Asun.Platform.CaptureEvidenceIntegration.Smoke.csproj" />
  <Project Path="tests/Asun.Platform.QualityEvidenceIntegration.Smoke/Asun.Platform.QualityEvidenceIntegration.Smoke.csproj" />
  <Project Path="tests/Asun.Platform.MetrologyProductionIntegration.Smoke/Asun.Platform.MetrologyProductionIntegration.Smoke.csproj" />
  <Project Path="tests/Asun.Platform.MeasurementQualityIntegration.Smoke/Asun.Platform.MeasurementQualityIntegration.Smoke.csproj" />
  <Project Path="tests/Asun.Platform.PipelineProductionIntegration.Smoke/Asun.Platform.PipelineProductionIntegration.Smoke.csproj" />
  <Project Path="tests/Asun.Platform.PcbExecutionIntegration.Smoke/Asun.Platform.PcbExecutionIntegration.Smoke.csproj" />
  <Project Path="tests/Asun.Platform.PcbReleaseIntegration.Smoke/Asun.Platform.PcbReleaseIntegration.Smoke.csproj" />
  <Project Path="tests/Asun.Platform.PcbEvidenceResolutionIntegration.Smoke/Asun.Platform.PcbEvidenceResolutionIntegration.Smoke.csproj" />
  <Project Path="tests/Asun.Platform.PcbEvidenceReleaseIntegration.Smoke/Asun.Platform.PcbEvidenceReleaseIntegration.Smoke.csproj" />
  <Project Path="tests/Asun.Platform.PcbReplayIntegration.Smoke/Asun.Platform.PcbReplayIntegration.Smoke.csproj" />
  <Project Path="tests/Asun.Platform.PcbEvidenceEnvelopeIntegration.Smoke/Asun.Platform.PcbEvidenceEnvelopeIntegration.Smoke.csproj" />
  <Project Path="tests/Asun.Platform.PcbAuditIntegration.Smoke/Asun.Platform.PcbAuditIntegration.Smoke.csproj" />
  <Project Path="tests/Asun.Platform.PcbAuditReleaseIntegration.Smoke/Asun.Platform.PcbAuditReleaseIntegration.Smoke.csproj" />
  <Project Path="tests/Asun.Platform.RoiProductionIntegration.Smoke/Asun.Platform.RoiProductionIntegration.Smoke.csproj" />
  <Project Path="tests/Asun.Domain.Quality.Smoke/Asun.Domain.Quality.Smoke.csproj" />
</Solution>
